
Microsoft Visual Studio Solution File, Format Version 12.00
# Visual Studio Version 17
VisualStudioVersion = 17.7.34009.444
MinimumVisualStudioVersion = 10.0.40219.1
Project("{FAE04EC0-301F-11D3-BF4B-00C04F79EFBC}") = "Aragoza_MyFirstApp", "Aragoza_MyFirstApp\Aragoza_MyFirstApp.csproj", "{BAFA36A6-CF39-41D7-94C8-C1BECF7AFA9C}"
EndProject
Global
	GlobalSection(SolutionConfigurationPlatforms) = preSolution
		Debug|Any CPU = Debug|Any CPU
		Release|Any CPU = Release|Any CPU
	EndGlobalSection
	GlobalSection(ProjectConfigurationPlatforms) = postSolution
		{BAFA36A6-CF39-41D7-94C8-C1BECF7AFA9C}.Debug|Any CPU.ActiveCfg = Debug|Any CPU
		{BAFA36A6-CF39-41D7-94C8-C1BECF7AFA9C}.Debug|Any CPU.Build.0 = Debug|Any CPU
		{BAFA36A6-CF39-41D7-94C8-C1BECF7AFA9C}.Release|Any CPU.ActiveCfg = Release|Any CPU
		{BAFA36A6-CF39-41D7-94C8-C1BECF7AFA9C}.Release|Any CPU.Build.0 = Release|Any CPU
	EndGlobalSection
	GlobalSection(SolutionProperties) = preSolution
		HideSolutionNode = FALSE
	EndGlobalSection
	GlobalSection(ExtensibilityGlobals) = postSolution
		SolutionGuid = {82BC41B8-4E0B-490C-A700-FCEEA80C8723}
	EndGlobalSection
EndGlobal
